
Microsoft Visual Studio Solution File, Format Version 12.00
# Visual Studio 15
VisualStudioVersion = 15.0.28307.1800
MinimumVisualStudioVersion = 10.0.40219.1
Project("{9A19103F-16F7-4668-BE54-9A1E7A4F7556}") = "PluginLoadingDemo", "DLL_ProgrammingDemo\PluginLoadingDemo.csproj", "{797EF584-DBD1-4C6A-AE27-6D5181B75A9A}"
EndProject
Project("{FAE04EC0-301F-11D3-BF4B-00C04F79EFBC}") = "InterfaceDemo", "InterfaceDemo\InterfaceDemo.csproj", "{4BAA0194-70E3-4CD7-B9AD-B3AE84856CEF}"
EndProject
Project("{FAE04EC0-301F-11D3-BF4B-00C04F79EFBC}") = "MultipleExtendDLL", "MultipleExtendDLL\MultipleExtendDLL.csproj", "{F98E0D28-7763-40B4-B908-99EC027A04E3}"
EndProject
Global
	GlobalSection(SolutionConfigurationPlatforms) = preSolution
		Debug|Any CPU = Debug|Any CPU
		Release|Any CPU = Release|Any CPU
	EndGlobalSection
	GlobalSection(ProjectConfigurationPlatforms) = postSolution
		{797EF584-DBD1-4C6A-AE27-6D5181B75A9A}.Debug|Any CPU.ActiveCfg = Debug|Any CPU
		{797EF584-DBD1-4C6A-AE27-6D5181B75A9A}.Debug|Any CPU.Build.0 = Debug|Any CPU
		{797EF584-DBD1-4C6A-AE27-6D5181B75A9A}.Release|Any CPU.ActiveCfg = Release|Any CPU
		{797EF584-DBD1-4C6A-AE27-6D5181B75A9A}.Release|Any CPU.Build.0 = Release|Any CPU
		{4BAA0194-70E3-4CD7-B9AD-B3AE84856CEF}.Debug|Any CPU.ActiveCfg = Debug|Any CPU
		{4BAA0194-70E3-4CD7-B9AD-B3AE84856CEF}.Debug|Any CPU.Build.0 = Debug|Any CPU
		{4BAA0194-70E3-4CD7-B9AD-B3AE84856CEF}.Release|Any CPU.ActiveCfg = Release|Any CPU
		{4BAA0194-70E3-4CD7-B9AD-B3AE84856CEF}.Release|Any CPU.Build.0 = Release|Any CPU
		{F98E0D28-7763-40B4-B908-99EC027A04E3}.Debug|Any CPU.ActiveCfg = Debug|Any CPU
		{F98E0D28-7763-40B4-B908-99EC027A04E3}.Debug|Any CPU.Build.0 = Debug|Any CPU
		{F98E0D28-7763-40B4-B908-99EC027A04E3}.Release|Any CPU.ActiveCfg = Release|Any CPU
		{F98E0D28-7763-40B4-B908-99EC027A04E3}.Release|Any CPU.Build.0 = Release|Any CPU
	EndGlobalSection
	GlobalSection(SolutionProperties) = preSolution
		HideSolutionNode = FALSE
	EndGlobalSection
	GlobalSection(ExtensibilityGlobals) = postSolution
		SolutionGuid = {E510941C-0C63-4DE5-833B-AE8001116742}
	EndGlobalSection
EndGlobal
